
Microsoft Visual Studio Solution File, Format Version 12.00
# Visual Studio Version 17
VisualStudioVersion = 17.0.31903.59
MinimumVisualStudioVersion = 10.0.40219.1
Project("{2150E333-8FDC-42A3-9474-1A3956D46DE8}") = "src", "src", "{827E0CD3-B72D-47B6-A68D-7590B98EB39B}"
EndProject
Project("{FAE04EC0-301F-11D3-BF4B-00C04F79EFBC}") = "Tienda.Core", "src\Tienda.Core\Tienda.Core.csproj", "{79C26D08-0C00-443E-B7C4-44D6A8DE8C73}"
EndProject
Project("{FAE04EC0-301F-11D3-BF4B-00C04F79EFBC}") = "Tienda.Api", "src\Tienda.Api\Tienda.Api.csproj", "{904D39A5-5A04-4319-89E9-83B9F0D2BF3B}"
EndProject
Project("{2150E333-8FDC-42A3-9474-1A3956D46DE8}") = "tests", "tests", "{0AB3BF05-4346-4AA6-1389-037BE0695223}"
EndProject
Project("{FAE04EC0-301F-11D3-BF4B-00C04F79EFBC}") = "Tienda.Core.Tests", "tests\Tienda.Core.Tests\Tienda.Core.Tests.csproj", "{EDC67B5D-FD9E-4240-AA68-5A4EC4ECB9BB}"
EndProject
Global
	GlobalSection(SolutionConfigurationPlatforms) = preSolution
		Debug|Any CPU = Debug|Any CPU
		Debug|x64 = Debug|x64
		Debug|x86 = Debug|x86
		Release|Any CPU = Release|Any CPU
		Release|x64 = Release|x64
		Release|x86 = Release|x86
	EndGlobalSection
	GlobalSection(ProjectConfigurationPlatforms) = postSolution
		{79C26D08-0C00-443E-B7C4-44D6A8DE8C73}.Debug|Any CPU.ActiveCfg = Debug|Any CPU
		{79C26D08-0C00-443E-B7C4-44D6A8DE8C73}.Debug|Any CPU.Build.0 = Debug|Any CPU
		{79C26D08-0C00-443E-B7C4-44D6A8DE8C73}.Debug|x64.ActiveCfg = Debug|Any CPU
		{79C26D08-0C00-443E-B7C4-44D6A8DE8C73}.Debug|x64.Build.0 = Debug|Any CPU
		{79C26D08-0C00-443E-B7C4-44D6A8DE8C73}.Debug|x86.ActiveCfg = Debug|Any CPU
		{79C26D08-0C00-443E-B7C4-44D6A8DE8C73}.Debug|x86.Build.0 = Debug|Any CPU
		{79C26D08-0C00-443E-B7C4-44D6A8DE8C73}.Release|Any CPU.ActiveCfg = Release|Any CPU
		{79C26D08-0C00-443E-B7C4-44D6A8DE8C73}.Release|Any CPU.Build.0 = Release|Any CPU
		{79C26D08-0C00-443E-B7C4-44D6A8DE8C73}.Release|x64.ActiveCfg = Release|Any CPU
		{79C26D08-0C00-443E-B7C4-44D6A8DE8C73}.Release|x64.Build.0 = Release|Any CPU
		{79C26D08-0C00-443E-B7C4-44D6A8DE8C73}.Release|x86.ActiveCfg = Release|Any CPU
		{79C26D08-0C00-443E-B7C4-44D6A8DE8C73}.Release|x86.Build.0 = Release|Any CPU
		{904D39A5-5A04-4319-89E9-83B9F0D2BF3B}.Debug|Any CPU.ActiveCfg = Debug|Any CPU
		{904D39A5-5A04-4319-89E9-83B9F0D2BF3B}.Debug|Any CPU.Build.0 = Debug|Any CPU
		{904D39A5-5A04-4319-89E9-83B9F0D2BF3B}.Debug|x64.ActiveCfg = Debug|Any CPU
		{904D39A5-5A04-4319-89E9-83B9F0D2BF3B}.Debug|x64.Build.0 = Debug|Any CPU
		{904D39A5-5A04-4319-89E9-83B9F0D2BF3B}.Debug|x86.ActiveCfg = Debug|Any CPU
		{904D39A5-5A04-4319-89E9-83B9F0D2BF3B}.Debug|x86.Build.0 = Debug|Any CPU
		{904D39A5-5A04-4319-89E9-83B9F0D2BF3B}.Release|Any CPU.ActiveCfg = Release|Any CPU
		{904D39A5-5A04-4319-89E9-83B9F0D2BF3B}.Release|Any CPU.Build.0 = Release|Any CPU
		{904D39A5-5A04-4319-89E9-83B9F0D2BF3B}.Release|x64.ActiveCfg = Release|Any CPU
		{904D39A5-5A04-4319-89E9-83B9F0D2BF3B}.Release|x64.Build.0 = Release|Any CPU
		{904D39A5-5A04-4319-89E9-83B9F0D2BF3B}.Release|x86.ActiveCfg = Release|Any CPU
		{904D39A5-5A04-4319-89E9-83B9F0D2BF3B}.Release|x86.Build.0 = Release|Any CPU
		{EDC67B5D-FD9E-4240-AA68-5A4EC4ECB9BB}.Debug|Any CPU.ActiveCfg = Debug|Any CPU
		{EDC67B5D-FD9E-4240-AA68-5A4EC4ECB9BB}.Debug|Any CPU.Build.0 = Debug|Any CPU
		{EDC67B5D-FD9E-4240-AA68-5A4EC4ECB9BB}.Debug|x64.ActiveCfg = Debug|Any CPU
		{EDC67B5D-FD9E-4240-AA68-5A4EC4ECB9BB}.Debug|x64.Build.0 = Debug|Any CPU
		{EDC67B5D-FD9E-4240-AA68-5A4EC4ECB9BB}.Debug|x86.ActiveCfg = Debug|Any CPU
		{EDC67B5D-FD9E-4240-AA68-5A4EC4ECB9BB}.Debug|x86.Build.0 = Debug|Any CPU
		{EDC67B5D-FD9E-4240-AA68-5A4EC4ECB9BB}.Release|Any CPU.ActiveCfg = Release|Any CPU
		{EDC67B5D-FD9E-4240-AA68-5A4EC4ECB9BB}.Release|Any CPU.Build.0 = Release|Any CPU
		{EDC67B5D-FD9E-4240-AA68-5A4EC4ECB9BB}.Release|x64.ActiveCfg = Release|Any CPU
		{EDC67B5D-FD9E-4240-AA68-5A4EC4ECB9BB}.Release|x64.Build.0 = Release|Any CPU
		{EDC67B5D-FD9E-4240-AA68-5A4EC4ECB9BB}.Release|x86.ActiveCfg = Release|Any CPU
		{EDC67B5D-FD9E-4240-AA68-5A4EC4ECB9BB}.Release|x86.Build.0 = Release|Any CPU
	EndGlobalSection
	GlobalSection(SolutionProperties) = preSolution
		HideSolutionNode = FALSE
	EndGlobalSection
	GlobalSection(NestedProjects) = preSolution
		{79C26D08-0C00-443E-B7C4-44D6A8DE8C73} = {827E0CD3-B72D-47B6-A68D-7590B98EB39B}
		{904D39A5-5A04-4319-89E9-83B9F0D2BF3B} = {827E0CD3-B72D-47B6-A68D-7590B98EB39B}
		{EDC67B5D-FD9E-4240-AA68-5A4EC4ECB9BB} = {0AB3BF05-4346-4AA6-1389-037BE0695223}
	EndGlobalSection
EndGlobal
